PYTHON_BASE_IMAGE=python:3.12-slim-bookworm
PYTHON_BASE_IMAGE_ID=sha256:a1e028236d55ab8a2ec45d7c693137b5adb5d230baecdbae4f9f75cf51b6ce66
NODE_BASE_IMAGE=node:22-bookworm-slim
NODE_BASE_IMAGE_ID=sha256:bd16adabad7619222d4d0ab2d61f48391dacde03ad93f54d344683e326cbd0e2
VLLM_IMAGE=vllm/vllm-openai:v0.22.0
VLLM_IMAGE_ID=sha256:6b1c0c57fe1ab30f080e2c190352889c998ce1c0c62b7a26901d3c9912b5092f
VLLM_VERSION=0.22.0
VLLM_OMNI_VERSION=0.22.0
TORCH_VERSION=2.11.0+cu130
CUDA_VERSION=13.0
APP_IMAGE=joyai-vl-app:latest
APP_IMAGE_ID=sha256:f38cf7ad1c06d5ba9fa7ad8dc7820bceb80103ca16f0d329585f0859efe372bb
ASR_MODEL_IMAGE=joyai-vl-asr-model:vllm0.22.0
ASR_MODEL_IMAGE_ID=sha256:6b13a410a1399432d68b257cf6bb653093b1878f343c44140ddb9e95413edeb0
ASR_ADAPTER_IMAGE=joyai-vl-asr-adapter:latest
ASR_ADAPTER_IMAGE_ID=sha256:958fb80f14728d98b29c3a8eb984e339c09d5a63d7b5dc297a9525c9b96d36f8
TTS_MODEL_IMAGE=joyai-vl-tts-model:vllm0.22.0
TTS_MODEL_IMAGE_ID=sha256:5044258862b96d5a327dfaa059f040cd9388ae7b6c1ed33125f81f3f3ad9c6ff
TTS_ADAPTER_IMAGE=joyai-vl-tts-adapter:latest
TTS_ADAPTER_IMAGE_ID=sha256:50b935770b85449f832d37ca9f57926ba6c04d6c5f70e81d53a7637e39be9e9b
BACKGROUND_IMAGE=joyai-vl-background-model:latest
BACKGROUND_IMAGE_ID=sha256:d90af4879fef8bb8df6100ca0e9bb6ecfc983a8422f5aae540937b9ccfaf4a66
CODEX_VERSION=0.144.6
